{
  "version": 4,
  "terraform_version": "1.15.3",
  "serial": 65,
  "lineage": "b2ebca5d-b752-a409-402c-7fc12e859b7d",
  "outputs": {
    "certificado_p12_arn": {
      "value": "arn:aws:secretsmanager:us-east-1:238700389543:secret:sri/certificacion/cert1-p12-7Cd0lE",
      "type": "string"
    },
    "certificado_password_arn": {
      "value": "arn:aws:secretsmanager:us-east-1:238700389543:secret:sri/certificacion/cert1-password-ZEAE5F",
      "type": "string"
    },
    "cola_sri_arn": {
      "value": "arn:aws:sqs:us-east-1:238700389543:cola-facturacion-sri-certificacion",
      "type": "string"
    },
    "cola_sri_muerta_arn": {
      "value": "arn:aws:sqs:us-east-1:238700389543:cola-facturacion-sri-muerta-certificacion",
      "type": "string"
    },
    "cola_sri_muerta_url": {
      "value": "https://sqs.us-east-1.amazonaws.com/238700389543/cola-facturacion-sri-muerta-certificacion",
      "type": "string"
    },
    "cola_sri_url": {
      "value": "https://sqs.us-east-1.amazonaws.com/238700389543/cola-facturacion-sri-certificacion",
      "type": "string"
    },
    "kms_key_arn": {
      "value": "arn:aws:kms:us-east-1:238700389543:key/619243b4-9177-488e-9e49-11d0a2e7f101",
      "type": "string"
    },
    "lambda_role_arn": {
      "value": "arn:aws:iam::238700389543:role/rol-lambda-facturacion-sri-certificacion",
      "type": "string"
    },
    "lambda_role_name": {
      "value": "rol-lambda-facturacion-sri-certificacion",
      "type": "string"
    }
  },
  "resources": [
    {
      "mode": "data",
      "type": "aws_caller_identity",
      "name": "current",
      "provider": "provider[\"registry.terraform.io/hashicorp/aws\"]",
      "instances": [
        {
          "schema_version": 0,
          "attributes": {
            "account_id": "238700389543",
            "arn": "arn:aws:iam::238700389543:root",
            "id": "238700389543",
            "user_id": "238700389543"
          },
          "sensitive_attributes": [],
          "identity_schema_version": 0
        }
      ]
    },
    {
      "mode": "managed",
      "type": "aws_cloudwatch_metric_alarm",
      "name": "alarma_cola_muerta",
      "provider": "provider[\"registry.terraform.io/hashicorp/aws\"]",
      "instances": [
        {
          "schema_version": 1,
          "attributes": {
            "actions_enabled": true,
            "alarm_actions": [
              "arn:aws:sns:us-east-1:238700389543:alertas-facturacion-sri-certificacion"
            ],
            "alarm_description": "Hay comprobantes que fallaron 3 veces al enviarse al SRI",
            "alarm_name": "alarma-sri-cola-muerta-certificacion",
            "arn": "arn:aws:cloudwatch:us-east-1:238700389543:alarm:alarma-sri-cola-muerta-certificacion",
            "comparison_operator": "GreaterThanThreshold",
            "datapoints_to_alarm": 0,
            "dimensions": {
              "QueueName": "cola-facturacion-sri-muerta-certificacion"
            },
            "evaluate_low_sample_count_percentiles": "",
            "evaluation_periods": 1,
            "extended_statistic": "",
            "id": "alarma-sri-cola-muerta-certificacion",
            "insufficient_data_actions": [],
            "metric_name": "ApproximateNumberOfMessagesVisible",
            "metric_query": [],
            "namespace": "AWS/SQS",
            "ok_actions": [
              "arn:aws:sns:us-east-1:238700389543:alertas-facturacion-sri-certificacion"
            ],
            "period": 300,
            "statistic": "Sum",
            "tags": {
              "Ambiente": "certificacion",
              "Proyecto": "facturacion-electronica"
            },
            "tags_all": {
              "Ambiente": "certificacion",
              "Proyecto": "facturacion-electronica"
            },
            "threshold": 0,
            "threshold_metric_id": "",
            "treat_missing_data": "notBreaching",
            "unit": ""
          },
          "sensitive_attributes": [],
          "identity_schema_version": 0,
          "private": "eyJzY2hlbWFfdmVyc2lvbiI6IjEifQ==",
          "dependencies": [
            "aws_kms_key.sri_secrets",
            "aws_sns_topic.alertas_sri",
            "aws_sqs_queue.cola_sri_muerta"
          ]
        }
      ]
    },
    {
      "mode": "managed",
      "type": "aws_iam_policy",
      "name": "lambda_logs_sri",
      "provider": "provider[\"registry.terraform.io/hashicorp/aws\"]",
      "instances": [
        {
          "schema_version": 0,
          "attributes": {
            "arn": "arn:aws:iam::238700389543:policy/politica-logs-lambda-sri-certificacion",
            "attachment_count": 1,
            "description": "Permite a la Lambda escribir logs en CloudWatch",
            "id": "arn:aws:iam::238700389543:policy/politica-logs-lambda-sri-certificacion",
            "name": "politica-logs-lambda-sri-certificacion",
            "name_prefix": "",
            "path": "/",
            "policy": "{\"Statement\":[{\"Action\":[\"logs:CreateLogGroup\"],\"Effect\":\"Allow\",\"Resource\":\"arn:aws:logs:us-east-1:238700389543:*\",\"Sid\":\"CrearLogGroup\"},{\"Action\":[\"logs:CreateLogStream\",\"logs:PutLogEvents\"],\"Effect\":\"Allow\",\"Resource\":\"arn:aws:logs:us-east-1:238700389543:log-group:/aws/lambda/*:*\",\"Sid\":\"EscribirLogs\"}],\"Version\":\"2012-10-17\"}",
            "policy_id": "ANPATPE5G4STQH3AA4SH4",
            "tags": {
              "Ambiente": "certificacion",
              "Proyecto": "facturacion-electronica"
            },
            "tags_all": {
              "Ambiente": "certificacion",
              "Proyecto": "facturacion-electronica"
            }
          },
          "sensitive_attributes": [],
          "identity_schema_version": 0,
          "private": "bnVsbA==",
          "dependencies": [
            "data.aws_caller_identity.current"
          ]
        }
      ]
    },
    {
      "mode": "managed",
      "type": "aws_iam_policy",
      "name": "lambda_s3_sri",
      "provider": "provider[\"registry.terraform.io/hashicorp/aws\"]",
      "instances": [
        {
          "schema_version": 0,
          "attributes": {
            "arn": "arn:aws:iam::238700389543:policy/politica-s3-lambda-sri-certificacion",
            "attachment_count": 1,
            "description": "Permite a la Lambda guardar comprobantes en S3",
            "id": "arn:aws:iam::238700389543:policy/politica-s3-lambda-sri-certificacion",
            "name": "politica-s3-lambda-sri-certificacion",
            "name_prefix": "",
            "path": "/",
            "policy": "{\"Statement\":[{\"Action\":[\"s3:PutObject\",\"s3:GetObject\",\"s3:DeleteObject\"],\"Effect\":\"Allow\",\"Resource\":\"arn:aws:s3:::facturacion-sri-tu-empresa/certificacion/*\",\"Sid\":\"GestionarComprobantes\"},{\"Action\":[\"s3:ListBucket\"],\"Condition\":{\"StringLike\":{\"s3:prefix\":[\"certificacion/*\"]}},\"Effect\":\"Allow\",\"Resource\":\"arn:aws:s3:::facturacion-sri-tu-empresa\",\"Sid\":\"ListarBucket\"}],\"Version\":\"2012-10-17\"}",
            "policy_id": "ANPATPE5G4STWCOGNLLH3",
            "tags": {
              "Ambiente": "certificacion",
              "Proyecto": "facturacion-electronica"
            },
            "tags_all": {
              "Ambiente": "certificacion",
              "Proyecto": "facturacion-electronica"
            }
          },
          "sensitive_attributes": [],
          "identity_schema_version": 0,
          "private": "bnVsbA=="
        }
      ]
    },
    {
      "mode": "managed",
      "type": "aws_iam_policy",
      "name": "lambda_sqs_sri",
      "provider": "provider[\"registry.terraform.io/hashicorp/aws\"]",
      "instances": [
        {
          "schema_version": 0,
          "attributes": {
            "arn": "arn:aws:iam::238700389543:policy/politica-sqs-lambda-sri-certificacion",
            "attachment_count": 1,
            "description": "Permite a la Lambda interactuar con la cola SQS del SRI",
            "id": "arn:aws:iam::238700389543:policy/politica-sqs-lambda-sri-certificacion",
            "name": "politica-sqs-lambda-sri-certificacion",
            "name_prefix": "",
            "path": "/",
            "policy": "{\"Statement\":[{\"Action\":[\"sqs:SendMessage\",\"sqs:ReceiveMessage\",\"sqs:DeleteMessage\",\"sqs:GetQueueAttributes\"],\"Effect\":\"Allow\",\"Resource\":\"arn:aws:sqs:us-east-1:238700389543:cola-facturacion-sri-certificacion\",\"Sid\":\"GestionarColaSRI\"}],\"Version\":\"2012-10-17\"}",
            "policy_id": "ANPATPE5G4STSHRG7PEWE",
            "tags": {
              "Ambiente": "certificacion",
              "Proyecto": "facturacion-electronica"
            },
            "tags_all": {
              "Ambiente": "certificacion",
              "Proyecto": "facturacion-electronica"
            }
          },
          "sensitive_attributes": [],
          "identity_schema_version": 0,
          "private": "bnVsbA==",
          "dependencies": [
            "aws_kms_key.sri_secrets",
            "aws_sqs_queue.cola_sri",
            "aws_sqs_queue.cola_sri_muerta"
          ]
        }
      ]
    },
    {
      "mode": "managed",
      "type": "aws_iam_policy",
      "name": "leer_secrets_sri",
      "provider": "provider[\"registry.terraform.io/hashicorp/aws\"]",
      "instances": [
        {
          "schema_version": 0,
          "attributes": {
            "arn": "arn:aws:iam::238700389543:policy/politica-leer-secrets-sri-certificacion",
            "attachment_count": 0,
            "description": "Permite a la Lambda leer los secrets del certificado SRI",
            "id": "arn:aws:iam::238700389543:policy/politica-leer-secrets-sri-certificacion",
            "name": "politica-leer-secrets-sri-certificacion",
            "name_prefix": "",
            "path": "/",
            "policy": "{\"Statement\":[{\"Action\":[\"secretsmanager:GetSecretValue\",\"secretsmanager:DescribeSecret\"],\"Effect\":\"Allow\",\"Resource\":[\"arn:aws:secretsmanager:us-east-1:238700389543:secret:sri/certificacion/cert1-p12-7Cd0lE\",\"arn:aws:secretsmanager:us-east-1:238700389543:secret:sri/certificacion/cert1-password-ZEAE5F\"],\"Sid\":\"LeerSecretsSRI\"},{\"Action\":[\"kms:Decrypt\",\"kms:DescribeKey\"],\"Effect\":\"Allow\",\"Resource\":[\"arn:aws:kms:us-east-1:238700389543:key/619243b4-9177-488e-9e49-11d0a2e7f101\"],\"Sid\":\"UsarKMSParaDescifrar\"}],\"Version\":\"2012-10-17\"}",
            "policy_id": "ANPATPE5G4ST6EWNAXDCJ",
            "tags": {
              "Ambiente": "certificacion",
              "Proyecto": "facturacion-electronica"
            },
            "tags_all": {
              "Ambiente": "certificacion",
              "Proyecto": "facturacion-electronica"
            }
          },
          "sensitive_attributes": [],
          "identity_schema_version": 0,
          "private": "bnVsbA==",
          "dependencies": [
            "aws_kms_key.sri_secrets",
            "aws_secretsmanager_secret.certificado_p12",
            "aws_secretsmanager_secret.certificado_password"
          ]
        }
      ]
    },
    {
      "mode": "managed",
      "type": "aws_iam_role",
      "name": "lambda_sri",
      "provider": "provider[\"registry.terraform.io/hashicorp/aws\"]",
      "instances": [
        {
          "schema_version": 0,
          "attributes": {
            "arn": "arn:aws:iam::238700389543:role/rol-lambda-facturacion-sri-certificacion",
            "assume_role_policy": "{\"Statement\":[{\"Action\":\"sts:AssumeRole\",\"Effect\":\"Allow\",\"Principal\":{\"Service\":\"lambda.amazonaws.com\"},\"Sid\":\"LambdaAssumeRole\"}],\"Version\":\"2012-10-17\"}",
            "create_date": "2026-05-14T22:50:06Z",
            "description": "Rol para Lambda de facturacion electronica SRI Ecuador",
            "force_detach_policies": false,
            "id": "rol-lambda-facturacion-sri-certificacion",
            "inline_policy": [],
            "managed_policy_arns": [
              "arn:aws:iam::238700389543:policy/politica-logs-lambda-sri-certificacion",
              "arn:aws:iam::238700389543:policy/politica-s3-lambda-sri-certificacion",
              "arn:aws:iam::238700389543:policy/politica-sqs-lambda-sri-certificacion"
            ],
            "max_session_duration": 3600,
            "name": "rol-lambda-facturacion-sri-certificacion",
            "name_prefix": "",
            "path": "/",
            "permissions_boundary": "",
            "tags": {
              "Ambiente": "certificacion",
              "Proyecto": "facturacion-electronica"
            },
            "tags_all": {
              "Ambiente": "certificacion",
              "Proyecto": "facturacion-electronica"
            },
            "unique_id": "AROATPE5G4STZSEEQPWLQ"
          },
          "sensitive_attributes": [],
          "identity_schema_version": 0,
          "private": "bnVsbA=="
        }
      ]
    },
    {
      "mode": "managed",
      "type": "aws_iam_role_policy_attachment",
      "name": "logs",
      "provider": "provider[\"registry.terraform.io/hashicorp/aws\"]",
      "instances": [
        {
          "schema_version": 0,
          "attributes": {
            "id": "rol-lambda-facturacion-sri-certificacion-20260514225007136300000001",
            "policy_arn": "arn:aws:iam::238700389543:policy/politica-logs-lambda-sri-certificacion",
            "role": "rol-lambda-facturacion-sri-certificacion"
          },
          "sensitive_attributes": [],
          "identity_schema_version": 0,
          "private": "bnVsbA==",
          "dependencies": [
            "aws_iam_policy.lambda_logs_sri",
            "aws_iam_role.lambda_sri",
            "data.aws_caller_identity.current"
          ]
        }
      ]
    },
    {
      "mode": "managed",
      "type": "aws_iam_role_policy_attachment",
      "name": "s3",
      "provider": "provider[\"registry.terraform.io/hashicorp/aws\"]",
      "instances": [
        {
          "schema_version": 0,
          "attributes": {
            "id": "rol-lambda-facturacion-sri-certificacion-20260514225007181800000002",
            "policy_arn": "arn:aws:iam::238700389543:policy/politica-s3-lambda-sri-certificacion",
            "role": "rol-lambda-facturacion-sri-certificacion"
          },
          "sensitive_attributes": [],
          "identity_schema_version": 0,
          "private": "bnVsbA==",
          "dependencies": [
            "aws_iam_policy.lambda_s3_sri",
            "aws_iam_role.lambda_sri"
          ]
        }
      ]
    },
    {
      "mode": "managed",
      "type": "aws_iam_role_policy_attachment",
      "name": "secrets",
      "provider": "provider[\"registry.terraform.io/hashicorp/aws\"]",
      "instances": [
        {
          "schema_version": 0,
          "attributes": {
            "id": "rol-lambda-facturacion-sri-certificacion-20260514230742547600000005",
            "policy_arn": "arn:aws:iam::238700389543:policy/politica-leer-secrets-sri-certificacion",
            "role": "rol-lambda-facturacion-sri-certificacion"
          },
          "sensitive_attributes": [],
          "identity_schema_version": 0,
          "private": "bnVsbA==",
          "dependencies": [
            "aws_iam_policy.leer_secrets_sri",
            "aws_iam_role.lambda_sri",
            "aws_kms_key.sri_secrets",
            "aws_secretsmanager_secret.certificado_p12",
            "aws_secretsmanager_secret.certificado_password"
          ]
        }
      ]
    },
    {
      "mode": "managed",
      "type": "aws_iam_role_policy_attachment",
      "name": "sqs",
      "provider": "provider[\"registry.terraform.io/hashicorp/aws\"]",
      "instances": [
        {
          "schema_version": 0,
          "attributes": {
            "id": "rol-lambda-facturacion-sri-certificacion-20260514225110226900000005",
            "policy_arn": "arn:aws:iam::238700389543:policy/politica-sqs-lambda-sri-certificacion",
            "role": "rol-lambda-facturacion-sri-certificacion"
          },
          "sensitive_attributes": [],
          "identity_schema_version": 0,
          "private": "bnVsbA==",
          "dependencies": [
            "aws_iam_policy.lambda_sqs_sri",
            "aws_iam_role.lambda_sri",
            "aws_kms_key.sri_secrets",
            "aws_sqs_queue.cola_sri",
            "aws_sqs_queue.cola_sri_muerta"
          ]
        }
      ]
    },
    {
      "mode": "managed",
      "type": "aws_kms_alias",
      "name": "sri_secrets",
      "provider": "provider[\"registry.terraform.io/hashicorp/aws\"]",
      "instances": [
        {
          "schema_version": 0,
          "attributes": {
            "arn": "arn:aws:kms:us-east-1:238700389543:alias/sri-secrets1",
            "id": "alias/sri-secrets1",
            "name": "alias/sri-secrets1",
            "name_prefix": "",
            "target_key_arn": "arn:aws:kms:us-east-1:238700389543:key/619243b4-9177-488e-9e49-11d0a2e7f101",
            "target_key_id": "619243b4-9177-488e-9e49-11d0a2e7f101"
          },
          "sensitive_attributes": [],
          "identity_schema_version": 0,
          "private": "bnVsbA==",
          "dependencies": [
            "aws_kms_key.sri_secrets"
          ]
        }
      ]
    },
    {
      "mode": "managed",
      "type": "aws_kms_key",
      "name": "sri_secrets",
      "provider": "provider[\"registry.terraform.io/hashicorp/aws\"]",
      "instances": [
        {
          "schema_version": 0,
          "attributes": {
            "arn": "arn:aws:kms:us-east-1:238700389543:key/619243b4-9177-488e-9e49-11d0a2e7f101",
            "bypass_policy_lockout_safety_check": false,
            "custom_key_store_id": "",
            "customer_master_key_spec": "SYMMETRIC_DEFAULT",
            "deletion_window_in_days": 30,
            "description": "Clave KMS para secrets del SRI Ecuador",
            "enable_key_rotation": true,
            "id": "619243b4-9177-488e-9e49-11d0a2e7f101",
            "is_enabled": true,
            "key_id": "619243b4-9177-488e-9e49-11d0a2e7f101",
            "key_usage": "ENCRYPT_DECRYPT",
            "multi_region": false,
            "policy": "{\"Id\":\"key-default-1\",\"Statement\":[{\"Action\":\"kms:*\",\"Effect\":\"Allow\",\"Principal\":{\"AWS\":\"arn:aws:iam::238700389543:root\"},\"Resource\":\"*\",\"Sid\":\"Enable IAM User Permissions\"}],\"Version\":\"2012-10-17\"}",
            "rotation_period_in_days": 365,
            "tags": {
              "Ambiente": "certificacion",
              "Proyecto": "facturacion-electronica"
            },
            "tags_all": {
              "Ambiente": "certificacion",
              "Proyecto": "facturacion-electronica"
            },
            "timeouts": null,
            "xks_key_id": ""
          },
          "sensitive_attributes": [],
          "identity_schema_version": 0,
          "private": "eyJlMmJmYjczMC1lY2FhLTExZTYtOGY4OC0zNDM2M2JjN2M0YzAiOnsiY3JlYXRlIjoxMjAwMDAwMDAwMDB9fQ=="
        }
      ]
    },
    {
      "mode": "managed",
      "type": "aws_secretsmanager_secret",
      "name": "certificado_p12",
      "provider": "provider[\"registry.terraform.io/hashicorp/aws\"]",
      "instances": [
        {
          "schema_version": 0,
          "attributes": {
            "arn": "arn:aws:secretsmanager:us-east-1:238700389543:secret:sri/certificacion/cert1-p12-7Cd0lE",
            "description": "Certificado de firma electronica SRI Ecuador",
            "force_overwrite_replica_secret": false,
            "id": "arn:aws:secretsmanager:us-east-1:238700389543:secret:sri/certificacion/cert1-p12-7Cd0lE",
            "kms_key_id": "arn:aws:kms:us-east-1:238700389543:key/619243b4-9177-488e-9e49-11d0a2e7f101",
            "name": "sri/certificacion/cert1-p12",
            "name_prefix": "",
            "policy": "",
            "recovery_window_in_days": 30,
            "replica": [],
            "tags": {
              "Ambiente": "certificacion",
              "Proyecto": "facturacion-electronica"
            },
            "tags_all": {
              "Ambiente": "certificacion",
              "Proyecto": "facturacion-electronica"
            }
          },
          "sensitive_attributes": [],
          "identity_schema_version": 0,
          "private": "bnVsbA==",
          "dependencies": [
            "aws_kms_key.sri_secrets"
          ]
        }
      ]
    },
    {
      "mode": "managed",
      "type": "aws_secretsmanager_secret",
      "name": "certificado_password",
      "provider": "provider[\"registry.terraform.io/hashicorp/aws\"]",
      "instances": [
        {
          "schema_version": 0,
          "attributes": {
            "arn": "arn:aws:secretsmanager:us-east-1:238700389543:secret:sri/certificacion/cert1-password-ZEAE5F",
            "description": "Password del certificado .p12 SRI Ecuador",
            "force_overwrite_replica_secret": false,
            "id": "arn:aws:secretsmanager:us-east-1:238700389543:secret:sri/certificacion/cert1-password-ZEAE5F",
            "kms_key_id": "arn:aws:kms:us-east-1:238700389543:key/619243b4-9177-488e-9e49-11d0a2e7f101",
            "name": "sri/certificacion/cert1-password",
            "name_prefix": "",
            "policy": "",
            "recovery_window_in_days": 30,
            "replica": [],
            "tags": {
              "Ambiente": "certificacion",
              "Proyecto": "facturacion-electronica"
            },
            "tags_all": {
              "Ambiente": "certificacion",
              "Proyecto": "facturacion-electronica"
            }
          },
          "sensitive_attributes": [],
          "identity_schema_version": 0,
          "private": "bnVsbA==",
          "dependencies": [
            "aws_kms_key.sri_secrets"
          ]
        }
      ]
    },
    {
      "mode": "managed",
      "type": "aws_secretsmanager_secret_version",
      "name": "certificado_p12",
      "provider": "provider[\"registry.terraform.io/hashicorp/aws\"]",
      "instances": [
        {
          "schema_version": 0,
          "attributes": {
            "arn": "arn:aws:secretsmanager:us-east-1:238700389543:secret:sri/certificacion/cert1-p12-7Cd0lE",
            "has_secret_string_wo": null,
            "id": "arn:aws:secretsmanager:us-east-1:238700389543:secret:sri/certificacion/cert1-p12-7Cd0lE|terraform-20260514230741622500000003",
            "secret_binary": "MIIj2wIBAzCCI5QGCSqGSIb3DQEHAaCCI4UEgiOBMIIjfTCCBZEGCSqGSIb3DQEHAaCCBYIEggV+MIIFejCCBXYGCyqGSIb3DQEMCgECoIIE+zCCBPcwKQYKKoZIhvcNAQwBAzAbBBTiNpoxux+iOow5PwNy6oK+1r5AiAIDAMgABIIEyB3TsrXXU62pCvCiFOU2MhUADGPszbaGCN1Vz7Lq/AhJXmz1lnHczWQqPFnWLvhlUKwti27wcjbKYuoDtepQ4dmW5dZEV9vIsIBuRlfCF9XfjJe/v2IlyQQwwiQZ7DD5T76s2Cgo8MTHa/Q8YrEUHLqKQpWIyLUsMJlKz7upezqxzWrqlvkoE/n/PuMbjycdXgVElYTLPOy/PEn9VUSQnwkOj9Ql+Vwf3Dw8nPuLBqjQYb7ZpmH0wlbaL2GvgEj1b1N+ayzSeQejHvBftM7tgm/x36kuqF2bIpkgak43uBqAWztCjH3uPF3TZjGCgQ66Sfh3WM0Wc6lzu1IKSkQtLgjXFT/9HSWUf+L3qZ+8LOV4OFmdZYv6cy07Z142SGxCG15u3dh+6XvapLvh7upLM+HjvGDYp+On75iMao0mAxkYjyI8Qd/qeDB9j4G4FV8zqB0EvbtlzquIEjqPITGUQJF0udJ8YCULjCajOjvjw3s7AVs7AxP5Bg2/uId1kD7y+jXrTRvSFjy2WX7+k0DmEbjepmke9fMYCO8wFIQLbCVDGQyoF4X8r4eNCc++istHZ9N7dNdgVngT7Ij/6RjLZtLlEvwM2OIXeYdclkgv5BW/83w92WAyLOSSC5rAHe1R9sISVGbfL1D6/rjQacNhfr3ot2/Kua3Q0J32V6YW9bMl78OI8WPoUXsbmElvt2AHO8zP+qTD3Mx2H0P4kPi/TC8bMP1U2mYA4N1yfnSoL8NfSMHxa0yg/AMlhNjD9/QzieJ5fjisemGbLDt7JfkPHK5Stm9Uu6+6nojj3MF3Pw73uS/qhHjsVl2aRhb+iIhjHtJASWbsVdFV6WEbOMNoh8afLn1179YVXM3n5uVbIRnYcOyeu2fNb+C7gXU+j/gBl0m+l5Jt2Y2sXu9sRvfTU+mZ7GPj2B0KSht5ZbQ85kF40dKbXWfveozBHAP1tOusHrvxZq8+vBtAqNR7mT7ncleuiB56RbrMBAU3AeubH1LcYNnd/3nCSIFNDEMgTGriasGjCO9fecDqc85bOEyNMtWcDGS/fRD5ikiTs9o6rrExEljDVBZxN7VKYbTd+GgmWAjQHhR6ASrdaoMRd5d+JeKYVg+ZD6NT0fTFitwusi61IxDNfcvEK8eLJLKVdBHlacxBWlKFuRF4+0WS53t4Z2ReS0hNdwYRiQyQRK3jRicD+ag+huMHdLqwTkPx23hWKWraIa+wfVayOawIFF0YK9OIJoumG77S2AqT9B9thD/r5d7k5deG4b5qRx3ONU/S76YueE103WgaA+WjcEXT97F0k090sYSzTFmFAgWSXw8wfU/IbUuZcx4jJ8BuOtsItmob/tHu3mOnwAS1pR/o3klfnoksx6wZeS1u5Swocgxzr3CvNDHyaUX1eA5YcuAQtksDLtjI7DtZmRAhdEKEf2UTWhHugmy6dvraVktHk9dEJHR/dQCmZhsd0DHMlThgi4fnP7L3WqLCy0gDx4ale0TVJsbbew/i4+so8flXdfom3JQD44gOPc+wHyyDbXAH8zsGFk3etoffhozf6rOw8pphaeGQJNaksht81ZbPfMOHFLNc4nD/1v8AJGTr6kuMmRt4e5UnxE215TH0wqOr4rQf1E6UOZdOnjFoMEEGCSqGSIb3DQEJFDE0HjIAagBhAGkAcgBvACAAeABhAHYAaQBlAHIAIAByAGUAeQBlAHMAIABsAGkAbgBkAGEAbzAjBgkqhkiG9w0BCRUxFgQUl8uy1XmPJZIoD3Ngux1kTnI0YQowgh3kBgkqhkiG9w0BBwaggh3VMIId0QIBADCCHcoGCSqGSIb3DQEHATApBgoqhkiG9w0BDAEGMBsEFJwHQPAKjLzwFFXQEKQebeEdc8x1AgMAw1CAgh2Q9oTUAyVsOjHucLqy1yormD5ypXAIMi45VsbuVIK/942nT1/M5LvbHmYpBejTdmWPtBFcesXgtrYBeHEFQbf1qxD1YKatXpbjh9DmE8hWrwMKqXuf4vcAqs47ARvv9cVE2Oej1B5W0c223PMbEMogOtPPsTJSIMuLCNaWkwgFb0Nop/Z5haknTA8fXfVa2gMhdCOO9C905wiJtIH9ng1GPW4a+HkklFgpSDrszaTVKbdYihBU+SR69NVwYjh8FlkEb4BZAMmZ2YRpeUqjPi2cwH+BJcHTIJZBrV45GroKsbg+4GXRlIdv5lWLET4cOSAxMNvrW5WadyLpJVnyZfYISShBNiWQ6EPRQJ3f8BuEcxd0GQh97nwJCsTypw84hSH4AlQv9A7m9H2Srobe4yYkGU9quegdi8yyFzWw/P1+lDaFaH4jsaI7BKosaVQw6iQOqG/MdKlaYODDwU8C4+0OeA2047vOLEEzKIlUQVvE2zfKaEiM1s4wnsAZ2yo/Fjor/hjoUEGntOcUA6hq0WTuPy/irQD+ShpA0A4uTvr2RRa8ux06cfrifNmeuR/gu41MmmBFYlzXHFvYRLDeFlmjyvuAw3QIj7t3gHZe0B+jc7qmV62NJO2o/RPHQFiV/uvrzCPjOr5/i/6IJskIhKXZPoLB9t/rq44vaPt/UlO1+VcD8qRqIC0Bbmpx9+w3gbqa/ypWnzohH0puCdFysfVLqb9fqHPJy8svXx4ddqtXCQpke1eS4bGYNEbWvCnefy5VXYm8wk24l1qlvwk0EcSsNyUBv/oD/N0QyCxRjidpAABsB+fVMby3dfpRuM14jjQGGawLzPvOwpFos2Fr0w4NYjnV9gD22H8TdoS/GLsJxUmuRWV5/+mBLLchZWvXEThn6+4ydmxIZ70OsXB4nwW9GnaQmUoD38EBNOpe6e3IgQi/oL7hcWijFSyDwvH7/0ucGe66njfRXs3aeG281IO/ZChpAVciSLpYuNjMOMxLWl46nUg91gVTeQb9AWc4LgypfJylKN6NwKTgMmB1XcZE6D+Mt1oyurInvdv+9yE4P8ZgxQvxVJicDar6oPIkxltkHMGlp95yfvWkbGVg0xYYfuXn0fj5X3E66t58RsEiyqaKXiPWiADb6RBUhtyFWdNL5VpZmFBGxn66OiBAC5mDsRS9tyx83afNEkB5RAJb6OygRuGks80c4U+S4hz/vGWXK/h2j2ttEhXjJFWTlZSvjjAKYQkGLw7d0xZJXKKN+/Jy5QP+VAVxXS0ViAhdkk8SCzeNskcMYwejTAKIvpjnUnZs08SHQ3Rha+r3fzwbaxEmZXxl6Cr+gaBwcjEnw0hjK9476MOt+h4igz4BtPQbhl17wKmaUmphpzSWD0+HsomHuquqJE+ZyHJvK/N5UAlXladyzGxCFa+id45zBlcXh3Q9WvwT5rwAW2icS221mwf/JUFfuyvTnTG24Uv66bXM8niNKNyMO4qWitrVJ/VeiBKwB3K2xaae3cCjNyeU9eD9brPleyA5N63qeO7/m7GZUbkCYd/P37w0Jqy0NPdZh4twn9cIhObhhXwe5+Z9swtPYxnu9/Ev89bIdMth1LyUhy6Ib+Z6+uStiJ7rJTcGui+I+3sCHt+Xi7UyxIOm5LI7U52vBwQeI0io22KmP25MpuWErtZoPkd0E5XAolzA/Lsffr0vBju5HtsC4zdaMMsrbaSzk8+hQ6TH1Gp+WYUBo9OhYQ5CY6N9zg8+904NLv6mvQhdMTA5BTKb4fHg9vEivimK2ZnQzQ4POduAep03gUX2QqPyKcYq74vp9QbI1kBHMKDDi5xTomK09b4WJ0m1M0PJhY3GLU7eoiUUHJrVjgbBvu8QZxS2aMomM+pGazqQlK2iX9ZBp6YDIjUg44HZyuBJsJ1IRtpSwz1VO9+dm0MByfVLWfH9V7JwdlOZsdcuKncmiTbVFVxt7zFu96blcpBgnLuq50hv/zDLgMos9aKoTJadigmuQNvcJUD4ZbnnB4gcb+Rdm06V2r6no2KdRp/9IKfoG4QSOvr781nMhX5Y5MyC4v2Zpgj5wLffUtOc1hNyi8CuKGjpHN7iJ5xmdbrKdY6BQGZWHGAWIsZJpIVzOr4MWeglC7N/PxPQhTkfCOeL+pyphQ1Vgfs6WgSNwueYXmp2vNxoZ2BBfaOp3Ixw1CaGOIPl1wEhlcKDUiN0fIJNVS0b2StYObqXoihd31dZ967up8YRhb15YyX3YikD8wNXj296tNPdN1lkUbUedI3/+AFwSLc51f5a1HFiQxtTzC7qU1jcPxcA6LWZdUeR5+uqf+ZokfxkWkRGs6KeaxiE+WKkfaUU0t688Qv7ZKGmK5DF9X4fVADAWUTbpOnzRpek8cofuDDvhCGWDDUP0KNE0k0pX3GdXqfcQErIj/OgEUGgDpiAVS6VWe8lkYcFmTJCtDbNuBjyAO65tAcLh6jeFyiLjLL99QmiYkd1yGqVF2oFW1kAC3+T4qpPFweFhMeOeYuCrsZi9qBOxUWkIrjPVEvcgmRlW6fvnTv7Db9EjKvP/BKSqFP/FqqPa+6L50KlMLOXSRlFpQ68on+4nswCsWn8fUZh48XN4YKF43K40nLWwvILfbhwCGHcyksZsc362s9fGoya+CFk5JrwCGkE8V0tv9uHDD8oozGsGrr4XHLohyt7YnFXT0h8Mhz4MW4Dtn9k2TJHhvlYT16crFFeYfFBHgeFF2oBFiAxX/6DyIiAQGj9UO2KRq7xa0g5RSqVBcdlakY8Q7RnMSWCpw3p/I8D4lx7E7V5VkHJLk0Iy77I6dYc8kVZLfgJClCpJ8XxE9BN/F5aPoKWecWRRbA5kkj/8tP0aVTbiMToyrnltZVDMF6CAAlV9gVB/PiEMvhM07624NCXbh8SOCt5L6Fi0BjxICXnH6gPADZlXIja4RlTAWXIwSTuZALXeC0D6dMTF2baa/rZMB2HA7fv2dNbUy+V3W7gUo9RyzPxjVG+aZONii+jmPr9VqoXJnWucozLdF8hZ5fNZomaEtSR9QumdGYP4qWwwnI8pz2SBdX2FZ38n15YTww0gRT3SJLzh6QXEjuTNygF5wJOZMGFk9RG4E/SmaB1JCtLtaeuIzkCdjACQKUf0uVU0R42c+REYk/Q2yprYzjRHEhbEbLmiO7rzqACwPnfBkPnQOQMSCXQNRCfK3SrhKydae7NAlFoTjU0uNCZTLB/7PuaMRhl7Vr9qgn+zXD6urbzjMKybOCb4hqTZJXkH3DaJkFaeZXGG2xrkvlEOUgUAxT/TPTZflkiXq/QMAeUwEj+/gtiy5KvpX87X3amva6rCM1kWbXllSshiSQlNMG/eagfFfiwOAqBZ5a7AP5nXpW2vnpbLMMy8sFVAVPTvMns4+X6jeriShXt4147QNXT5aWzvSy4wFh8ajZOx3zk0zGQmdDLvqd/u0XkviDBr4lvygNjTBQ7CVoibO9UylTgletSGpQhvWqCZjx3Az2S02eQBtLLPSX7vimONeadOWaotbTAl+GA4/PEoF9cNY/oZgbrzcilE0TOPwyoLwtl6ubm8is9czqgymrDDz5EfyslL0Hs7CORNvDK+bZizahEJz24U+SnGrSzh7xvDZrRJZHIYsp1aYHEI0YFwlMK1cgNNAdhNFYsZo1ges389w+pd/YAFa7166kX+Uc1FW5zQ4CKC5ttzb3weHyMMWRU835yP8YIAWcmIFgzBL6I1jVyZX/qhqz6e8ArRiIC4xhCxNUuXjvcQtGngCfVX9Q72gmkcYmlDOGn1IGDqCKebkBzmAERvY8iSUkYvgbmBu+QsutcprqkS0fYpSaH8Fwu+K1Rg/mQRloIjKg5lxh9W1WUvzoPHpP/kC2EenTD6t2bxPkUX6DY1WYFM15PKtnMlLq7bzoS9Q51/6aMcCVTVjiEZD/fwdL0ZFC5U4B2IIWDixuXbLJXoG+VL3l4vTJpmN+uWkC+JaZ7/bHG8PCgEa75QN7kzdFCfmgPMBd1sqwe7OsVbuifaG6h1s6jrKwls3JD2mo0RjseSmAIMNEBsmflpkUJzEbi2CFM5QJ95BYfMFjhg3uvi64tdZaAAC/sdhXEC1vXSJqM+RhukXZN5ANPQZxF7fsmJ8ju6ofs7l/44XrBhKuVrY2MqqtyE2ee5bthYQXr7/2rKuiH+Yi16vCBXXtcJXZLkT7h7htUlWrzQ3r2/fZmt2gWX2w+ePfTIHfonREcp+5p2rfw0iQnj9UUuW+N7hSXKmbDbPoSApsAyrF4qt8nZ48RmMmts6LMXdA5t9Py4YHdcBS6h73W3nZS6a5jzD+vqGkWxM/x80qouciNWZ2Y1Fou079jHiTu5TsOIBWFKY0ts1Ygsezidhgln2YCmSiTAMn9eIBIoClg80EP+FEkOM9MxU/J3Jo+rJPbOsQJ9lp55icg2AJGfJQkPOt+1pBF1PWR6gEWFwtzICmUABe0kROhTMCLAWDnoAhw/O+MGdWmL3M0NGo9h+U9Pnefq3qOulRlW9qy/Dl1C9+vobGIojz8Ti3Xr3N8UjydEmO5TqpOuZrqYZKautRJfbjmztD0izaMy2lr5W7BSp4WVvjLxPW46Wz0/m7fWunZL6MymrvQ4dEcH8qOJIupmCL/hfnkaCWnofZlf2bKsf+gmXyDhyw7wQxsSI26kvIQOqgsmPF2UfsmN1OMJEy/0QZLoMoeDibnarjCl1GqAugXB/0IOQocuXpLNwr2d+al0E2epe5G9vlsP+c1MNQPiZJtr5DD4nUsocm/2OwRHXaM7Yhuf6fQ9XVZAo4MZa9AwR/PbaenhJGpnto5qtUXWzne3OpnjWgDLH+/isfa89nBSHPhNQMvJYGz7udiXjbregDpHCiRaATf40tk6lIzYwj6PBtAQR5yk38GWlqEejaRFcuV8tuVg4xvmMBTKNcb9kck1W+Py+qRJfZwoVRsj/9Dw7k31Zh5EdyhA/KZJek5M7yYOxMtB2Kzf/wxCVOt7/f3by0YXV1IQOILuhz80yHf13JNGDAu6BOmjMqy+cffXF9+296CqLEHwCgMbWcec7n9ohLCDY/Z6x0dbDPOE4cojSntHB2oiWlyy8AJUpiKR9hkbK2LxoqwBgkcTTyJySsp4wy48QWg0icKQvRKf6aTvznNsQWcnEZukDK3BlXYqtMhN6CJBaI27Y8Um4OWC2o+Qs/ireskY3eqeMJatPPd1ctaeBf6ItzcGPoH/Mj5kjjx+D8cdSJZnjUCXElUrgIDlnafQ4P9ut7RqwL4hh3HtXN5XZhTcPwMnEaBE/Wa6VcP6wvQ6Y4LW2RJ/N3k66r1yKFYQFFNW9XgtmPcRubNpFgXMh5zTliCW62RVTLa64vWRn0HYHAi/9NzHp2QSwAx1jZPGU4t8WwcwDw/hFTC1yzUONnKlR5Uat8GdYyck/mWBw6oDkmiLsgjO8QzNwoWTVxlYsSCNheoiKYZXc4tSpZDZk2bcB37Nil5JQswC23qjEP5+mUjC36qcNZN3s4GECY4tf4/HfcD8+PyNTYLG6E7G9uwg2x1dBrb/YM3CZMJ/Z/LNeZF8r8zw5TnkD/ErXONhcfIZ4kn/r3QTmqU+aSbLxfmDMQx6mo1ojzoXrC+dVe4sYh7frQulxvHlT0Cq7oe8bRWyRs4s8BIZ3Hrrxc5BQCMpsfFlzOf8GCW2Cx24daRkWlOKiDYdy1nusgRsR63nqdh+WJpY4HctkXL6ZwOEAFPUw/AtFFln5/Q2VpwaotyiQDxdJM1NEoWArphoN425OR764ZkM2Uz4ajzssGzuszvbuezSCMibvnoubcaRDNGdMa2YVVjQu8CS/3aKbuPOeD5BG0Zv4Zr577yvNI6wAJKRylts7G+O+V2d5p3Xkgh+wMwwRsHzmdQJGiW0smwv5CFRB0LYCj1eI7i9brcqptfwi0xTr7gO6doqoMUarizSlwx8GVQS58jNdsQw6iekVqCtYIPKpITOQyWe+6DLeCsJUA0cTOCyUSAdtpNy1DwIOC5mB4lDk9Y5iww/85nu+SE9wIAjGWLhSa8mcQWrYiMHBGiIAAKO4aI48ik4S2fKrjmfS8Ppu1EPFm2vT5NTPnAupU0zJsAaZVtPlJTGjsohW/H5e8hK598SEZOFYnJjSDLf6fNIoFrcZFCaM+VkgzRjuC/K5PRtqguEQiLEXps60oUNJTxOrjfKzLbq6YfL8IfMR2uLsSUi82XIMzrEWNyhXFvEmTIJL5/wzynr5nBfopqSivPzsRSPHvhg0Lvv39bHKdE93jHKyWiJE/GWNvDeaREnQjNpfpMZg0f7/GQ0otWpDgnM8QAW8AlHBcwc58Qfl4g3ElpP3OHlY5MVNPJJqcMIWoEIDmPwcXCEYT1j/nWqXtKGGp2Uv5Px8THVHZa+4x35kVEmLvuTkPFgWv6gm2YNOCAE6jBgB4SDedF12Ri7MOE0cmqHy9Mg/uhFf5CQHaaXQC6xl0/IVpWZenvsWvTkqajeyQQLe+UU92//f/f7OvoKBFqyi1ua9jiXLmsUMz+ZEAHMSc+bZZLI+dVL3r/AuFjFMUr3nW/5Drx0ziHnrMa8iQ5RA9OkggVmVF0AgVzCBCcKFFxfi6DAls4JiGRqEX8u6f81Kn4Tvt7fPQUhU3yy2HE3cq8L4vqFJuOpaNmYwN85DwVCHwJNvx++E8wuuN9lWayY4xXZvlMpmoIV3lk8ripOwcJK6rr2DL/9fa/GyMzO/JVqTIYIBzzvlRQ1IvNz06oF8HWH2NBazroKR4xaw3CzW5PyEp6uVezJ1Ywd3h/SecbfCLgqKBaOyGbuZ51mPtyWPXV7RNIQOhYuxWRo5VP8xQP7AQIUZ2Z+S+QYcdRYcOp15hPMl0/IgUwo4axlTTZiuNWwK3xl/3LThzMH86tIo/jkr/wOKzKz+OmOkLk4wDZvHzPvdNc4DZj8fxjiP+SL4i3uCRNBYsyofhAqy6nYAav8lJ01/9EaqHgDl1xCv58C/bbcThJ2kTijE6fNaadAjbEqNr840V9DhPfU7Tvipz2rfOk0ivUOmU5pwthQAi+NBRpXE4Zh4gYDtD1duJLTTS1fceeFkvifPLM0KuBASiCEljxrHhoBq/w4sHNWRzPljXyNFE3Qv6G7K8Gj2/0Bh+qmtulqpx5ckwOhduzPnABTJLSHkAZ3JrFx2ds37VW7b9Kxm5Fje8imXabjaWEKwlENt11u/HHe7F+o7kyOS7BqdBOll92Bq3fheL9Y8PHiyzHU94KlhPKMQBUKHWatUnXTxLxbqYa6/NFby7A9SPC8mam15IjOFUaV/nzf07SE300b7mXu0LPrD4iqQdhOzZjfQwV2ExE0TyWevQflPn1Wrkh04oYuvLoPL4sLXH9OaZQdlcCE5xKvoFJ4ULlY+U7Bu2Cw/yysBnlqyI2lSKjVykAsWrAShd+HS01y0AEVGWZuOrOC8QqafcMqBDKxar0IjLIyQD1bwKXotYStKLIuVy7KP47eB55f1bX4jWFLB73guO8jlVUQGo2hPRKefrFx+rdLzhkAG2vCTKr0Yt5vvxt5r/qX4ANC/ur2p9B5kig1ThM04k/u+KzVwBHUE5+iDFTLreAcS0MgDWj7IN5rjiXb3NSGu3rnpiMYdaOlrzDV2Heioo29KzJZi+qNDChcvvs4xsUsBxBnRst1JjTijTIVhUAtfezvjex6jecYtvisF6heohwlUSwMCzHTQGglE+YjIDoFa2fV2mCUA+OPJtAEQSTkMXKRf2N/C2jkuk+2sjW2XsrJqBGOVPnXq77F54D93v/GcVJACBZ4Zy2DNL6Tx9JsUvOLX4EokyzJr4TVp0iaAClXBPD/yf1qr7WZOBQLvcStLwElKRsrIBNIWdUMAYTknc9/MiER15PrDB+AmnSEjgdTAf+Hf4pj0hQ+mE2d7BRWKArZjbCKssf0yLhzymym3B6OlK2rjIW3JrF9258eN3PXO5Lbftn81SxV8S8M+Sy4RHk09LNLIZrzyRanLOfTYT1yYUqoEBHomOPoFUG/qGJcfQrXykhI+6XsSgvC6Uu+BrFc4Ed0iAWo4BkjbQel1KhaNdKi/rX6eSyLWLRvda8OZzLfepepjntJD2TB+LU3jGchf0xes884bHE2/XOumQ/QpYF9XUa9bnhI/AHEPgsdZ3jxW5+cZRe5LgwKzP4Z20qRgDWsU/+MLqp8mOFzWnmu5RONmm5tCZ2cXohH0y4hYJcxmGZwkuh0Aa3UWo1JYcFWSk7w2EuiQZ5kP+DarasIA6Dup3bgeJFKGLAhC3EymH9rd7C/IlYEGwJjJc4NqPmd+AH70jxNEL6EkftEbVU9JZTDw8BklBCOzArIjJ3n9W4cwTYkuBc9a2eETWOxDru/KbQw+zoJ9hVb8DHSXOzzwwG0DasJ+sequR4XoCeJJEdN5Eu2lPofO5JbaV23O0fgB2s2EntnQ9bCJaLhjLHKYR1bpPtNbFiRR3r7yQaRBjpFuKJpCMH4b2TONb/5fAeUt51FnlmyIXTd4tRMOAZvrTxKcf7dAKevm82hiVPkcyEAhd+f6pnMtDFRBJo6mJ4/2vvs93T70qZexHlwV1AuegbgSb1rGwKQLrWfCtMbf98Db3Y2tYGJfYDSWepMe0HUPM5hkxzogYcz+foADXtkLZmz56si+9/6QRbEDfDhBra8fVpOxm/oyeTin23hBua8e9iToxcS5hJAf0TZ0UsZwspeWU0/JNd6vhkpRHrYfNn+/N/4shzPsJM72LLAhVJSfk84mDNoQSyfyYfOinhc1Tq9jf8zce6S00nxl8o1kcn0BTESzpEdkmovlyO+4KMl5/6NmEmCVolzg2F4OdRm+0xkyf2CW6O3WgI1sLMUKB9CcUjhVrOap3APlN7YBPhXfiVXcDUN4bKOxx+FnNJdxQexBNVVcf2EePcYQ51tfevw31d/y2k5E5PjaYPwVgPrzfNulEm7k7tCZmeuEyK3Jm70xFrdL1D4seTqksdu4dcLI0rkmmIytJcKw/KWVt0iUfnW6jM635SGsRWn5jyj76gKja2zSZNK6njuhuJuxCKFHLRoJLKvBF7dIjKNJeNBdScK3ikDAB9aauplLBVLDNp0L3EEh3r3xDwFMrhhOSX1tM1yweVPmhMIqcPvdkbgMbgZsSovZhPc9+TRo4w4jRfbfpsI4e6Ku2TvLRbfCfmXSY1SZDgvdrWf0eVTAbEcnry6MMN6962qLWsKd/c/C4+50wjCv3361i1B/t5EUH/LDdADea7vljp5jEeSZ06+k+v5VAX2eM697jR0o2sTFoo/t5mwbYpX9ko481fwgGHPgkYXHMLCFswL0Av4DhgnLJ50XRHZ/9i6fZS0OlKCQ6Rhv7qmD8WTt5NP2fWnt3oKYrUdbtN3gkXYCQWL1VsUA+F3IT5o9qtfkrr5Ss7h0Al6Nry2OcPEULOom5rGOW/RfDTPHITS4JP5WuubLsCVXeUStf09o9NUBvihaunbcjbsrHt5Lz26apxl9dJkIZlDlgNCN+xVuXpF5btEfgovb+7zEJZUAurO+gxGi+eRRslX+3bOXR6nonozvQHDkg89nxUc31nD7E2k1Q6vv3x0Ju4WWR0TLaj1vkC3hc9vWkiHpTsUZZmLDihDHpoZd/j6pEBjQ9xIwdRO4GZ4gb1OGwTG1MInYoIkFGfGpdL95RschTrpSbfq43MB/ZNueM+hsI8NphU/Luvpd0+WLG7GWJ5WpP2Sp24hW+mCSh7NyHAE+g1TR/H0XFGtsoJYcykkqmS8QGPAGvY6qsz+2159Z4wLvdvvo9CL6q3nRt8etOY/3XmkIlcekCxLzOe7z6zi40IfSlRK2lzWOSFpLdXE2DBsiwftwNH/8QY+JZxshXn4vrwVskOowsYM1cGIf17TGG24/hSbRg55dk5qZzx+vRXE9Nv6kq4SE6eOw0TGndt+6TsjYwFs0+XZhHTiSWs0XB9YHV1r1ilRxNDZhiwzitmLGMINdTDE0SF5y4p/UKKU80fbdwpsqW5UW86v5OsN2sopA31B85KnCHmOJDhslXTpebb4IzcqxcZdRYyqpm2EEy+DylEBKtpJb90qQ+qPEYoVAcMTvkRz0j7gKclYvHSdUMwPjAhMAkGBSsOAwIaBQAEFHV5PPuLnH94krh1P6/SJTtv+XWgBBSIDSJol2UTtx6KYcm4DvsUnAmTmAIDAYag",
            "secret_id": "arn:aws:secretsmanager:us-east-1:238700389543:secret:sri/certificacion/cert1-p12-7Cd0lE",
            "secret_string": "",
            "secret_string_wo": null,
            "secret_string_wo_version": null,
            "version_id": "terraform-20260514230741622500000003",
            "version_stages": [
              "AWSCURRENT"
            ]
          },
          "sensitive_attributes": [
            [
              {
                "type": "get_attr",
                "value": "secret_binary"
              }
            ],
            [
              {
                "type": "get_attr",
                "value": "secret_string"
              }
            ],
            [
              {
                "type": "get_attr",
                "value": "secret_string_wo"
              }
            ]
          ],
          "identity_schema_version": 0,
          "private": "bnVsbA==",
          "dependencies": [
            "aws_kms_key.sri_secrets",
            "aws_secretsmanager_secret.certificado_p12"
          ]
        }
      ]
    },
    {
      "mode": "managed",
      "type": "aws_secretsmanager_secret_version",
      "name": "certificado_password",
      "provider": "provider[\"registry.terraform.io/hashicorp/aws\"]",
      "instances": [
        {
          "schema_version": 0,
          "attributes": {
            "arn": "arn:aws:secretsmanager:us-east-1:238700389543:secret:sri/certificacion/cert1-password-ZEAE5F",
            "has_secret_string_wo": null,
            "id": "arn:aws:secretsmanager:us-east-1:238700389543:secret:sri/certificacion/cert1-password-ZEAE5F|terraform-20260514230741632700000004",
            "secret_binary": "",
            "secret_id": "arn:aws:secretsmanager:us-east-1:238700389543:secret:sri/certificacion/cert1-password-ZEAE5F",
            "secret_string": "{\"password\":\"Kuara25Funci\"}",
            "secret_string_wo": null,
            "secret_string_wo_version": null,
            "version_id": "terraform-20260514230741632700000004",
            "version_stages": [
              "AWSCURRENT"
            ]
          },
          "sensitive_attributes": [
            [
              {
                "type": "get_attr",
                "value": "secret_binary"
              }
            ],
            [
              {
                "type": "get_attr",
                "value": "secret_string"
              }
            ],
            [
              {
                "type": "get_attr",
                "value": "secret_string_wo"
              }
            ]
          ],
          "identity_schema_version": 0,
          "private": "bnVsbA==",
          "dependencies": [
            "aws_kms_key.sri_secrets",
            "aws_secretsmanager_secret.certificado_password"
          ]
        }
      ]
    },
    {
      "mode": "managed",
      "type": "aws_sns_topic",
      "name": "alertas_sri",
      "provider": "provider[\"registry.terraform.io/hashicorp/aws\"]",
      "instances": [
        {
          "schema_version": 0,
          "attributes": {
            "application_failure_feedback_role_arn": "",
            "application_success_feedback_role_arn": "",
            "application_success_feedback_sample_rate": 0,
            "archive_policy": "",
            "arn": "arn:aws:sns:us-east-1:238700389543:alertas-facturacion-sri-certificacion",
            "beginning_archive_time": "",
            "content_based_deduplication": false,
            "delivery_policy": "",
            "display_name": "",
            "fifo_throughput_scope": "",
            "fifo_topic": false,
            "firehose_failure_feedback_role_arn": "",
            "firehose_success_feedback_role_arn": "",
            "firehose_success_feedback_sample_rate": 0,
            "http_failure_feedback_role_arn": "",
            "http_success_feedback_role_arn": "",
            "http_success_feedback_sample_rate": 0,
            "id": "arn:aws:sns:us-east-1:238700389543:alertas-facturacion-sri-certificacion",
            "kms_master_key_id": "",
            "lambda_failure_feedback_role_arn": "",
            "lambda_success_feedback_role_arn": "",
            "lambda_success_feedback_sample_rate": 0,
            "name": "alertas-facturacion-sri-certificacion",
            "name_prefix": "",
            "owner": "238700389543",
            "policy": "{\"Id\":\"__default_policy_ID\",\"Statement\":[{\"Action\":[\"SNS:GetTopicAttributes\",\"SNS:SetTopicAttributes\",\"SNS:AddPermission\",\"SNS:RemovePermission\",\"SNS:DeleteTopic\",\"SNS:Subscribe\",\"SNS:ListSubscriptionsByTopic\",\"SNS:Publish\"],\"Condition\":{\"StringEquals\":{\"AWS:SourceOwner\":\"238700389543\"}},\"Effect\":\"Allow\",\"Principal\":{\"AWS\":\"*\"},\"Resource\":\"arn:aws:sns:us-east-1:238700389543:alertas-facturacion-sri-certificacion\",\"Sid\":\"__default_statement_ID\"}],\"Version\":\"2008-10-17\"}",
            "signature_version": 0,
            "sqs_failure_feedback_role_arn": "",
            "sqs_success_feedback_role_arn": "",
            "sqs_success_feedback_sample_rate": 0,
            "tags": {
              "Ambiente": "certificacion",
              "Proyecto": "facturacion-electronica"
            },
            "tags_all": {
              "Ambiente": "certificacion",
              "Proyecto": "facturacion-electronica"
            },
            "tracing_config": ""
          },
          "sensitive_attributes": [],
          "identity_schema_version": 0,
          "private": "bnVsbA=="
        }
      ]
    },
    {
      "mode": "managed",
      "type": "aws_sns_topic_subscription",
      "name": "email_alertas",
      "provider": "provider[\"registry.terraform.io/hashicorp/aws\"]",
      "instances": [
        {
          "schema_version": 0,
          "attributes": {
            "arn": "arn:aws:sns:us-east-1:238700389543:alertas-facturacion-sri-certificacion:7111447b-fc51-49d0-b321-0ead2f0ec420",
            "confirmation_timeout_in_minutes": 1,
            "confirmation_was_authenticated": false,
            "delivery_policy": "",
            "endpoint": "jreyesmen@gmail.com",
            "endpoint_auto_confirms": false,
            "filter_policy": "",
            "filter_policy_scope": "",
            "id": "arn:aws:sns:us-east-1:238700389543:alertas-facturacion-sri-certificacion:7111447b-fc51-49d0-b321-0ead2f0ec420",
            "owner_id": "238700389543",
            "pending_confirmation": true,
            "protocol": "email",
            "raw_message_delivery": false,
            "redrive_policy": "",
            "replay_policy": "",
            "subscription_role_arn": "",
            "topic_arn": "arn:aws:sns:us-east-1:238700389543:alertas-facturacion-sri-certificacion"
          },
          "sensitive_attributes": [],
          "identity_schema_version": 0,
          "private": "bnVsbA==",
          "dependencies": [
            "aws_sns_topic.alertas_sri"
          ]
        }
      ]
    },
    {
      "mode": "managed",
      "type": "aws_sqs_queue",
      "name": "cola_sri",
      "provider": "provider[\"registry.terraform.io/hashicorp/aws\"]",
      "instances": [
        {
          "schema_version": 0,
          "attributes": {
            "arn": "arn:aws:sqs:us-east-1:238700389543:cola-facturacion-sri-certificacion",
            "content_based_deduplication": false,
            "deduplication_scope": "",
            "delay_seconds": 0,
            "fifo_queue": false,
            "fifo_throughput_limit": "",
            "id": "https://sqs.us-east-1.amazonaws.com/238700389543/cola-facturacion-sri-certificacion",
            "kms_data_key_reuse_period_seconds": 300,
            "kms_master_key_id": "arn:aws:kms:us-east-1:238700389543:key/619243b4-9177-488e-9e49-11d0a2e7f101",
            "max_message_size": 262144,
            "message_retention_seconds": 86400,
            "name": "cola-facturacion-sri-certificacion",
            "name_prefix": "",
            "policy": "{\"Statement\":[{\"Action\":[\"sqs:SendMessage\",\"sqs:ReceiveMessage\",\"sqs:DeleteMessage\",\"sqs:GetQueueAttributes\"],\"Effect\":\"Allow\",\"Principal\":{\"AWS\":\"arn:aws:iam::238700389543:role/rol-lambda-facturacion-sri-certificacion\"},\"Resource\":\"arn:aws:sqs:us-east-1:238700389543:cola-facturacion-sri-certificacion\",\"Sid\":\"SoloRolLambda\"}],\"Version\":\"2012-10-17\"}",
            "receive_wait_time_seconds": 20,
            "redrive_allow_policy": "",
            "redrive_policy": "{\"deadLetterTargetArn\":\"arn:aws:sqs:us-east-1:238700389543:cola-facturacion-sri-muerta-certificacion\",\"maxReceiveCount\":3}",
            "sqs_managed_sse_enabled": false,
            "tags": {
              "Ambiente": "certificacion",
              "Proyecto": "facturacion-electronica"
            },
            "tags_all": {
              "Ambiente": "certificacion",
              "Proyecto": "facturacion-electronica"
            },
            "timeouts": null,
            "url": "https://sqs.us-east-1.amazonaws.com/238700389543/cola-facturacion-sri-certificacion",
            "visibility_timeout_seconds": 300
          },
          "sensitive_attributes": [],
          "identity_schema_version": 0,
          "private": "eyJlMmJmYjczMC1lY2FhLTExZTYtOGY4OC0zNDM2M2JjN2M0YzAiOnsiY3JlYXRlIjoxODAwMDAwMDAwMDAsImRlbGV0ZSI6MTgwMDAwMDAwMDAwLCJ1cGRhdGUiOjE4MDAwMDAwMDAwMH19",
          "dependencies": [
            "aws_kms_key.sri_secrets",
            "aws_sqs_queue.cola_sri_muerta"
          ]
        }
      ]
    },
    {
      "mode": "managed",
      "type": "aws_sqs_queue",
      "name": "cola_sri_muerta",
      "provider": "provider[\"registry.terraform.io/hashicorp/aws\"]",
      "instances": [
        {
          "schema_version": 0,
          "attributes": {
            "arn": "arn:aws:sqs:us-east-1:238700389543:cola-facturacion-sri-muerta-certificacion",
            "content_based_deduplication": false,
            "deduplication_scope": "",
            "delay_seconds": 0,
            "fifo_queue": false,
            "fifo_throughput_limit": "",
            "id": "https://sqs.us-east-1.amazonaws.com/238700389543/cola-facturacion-sri-muerta-certificacion",
            "kms_data_key_reuse_period_seconds": 300,
            "kms_master_key_id": "arn:aws:kms:us-east-1:238700389543:key/619243b4-9177-488e-9e49-11d0a2e7f101",
            "max_message_size": 262144,
            "message_retention_seconds": 1209600,
            "name": "cola-facturacion-sri-muerta-certificacion",
            "name_prefix": "",
            "policy": "{\"Statement\":[{\"Action\":[\"sqs:SendMessage\",\"sqs:ReceiveMessage\",\"sqs:DeleteMessage\",\"sqs:GetQueueAttributes\"],\"Effect\":\"Allow\",\"Principal\":{\"AWS\":\"arn:aws:iam::238700389543:role/rol-lambda-facturacion-sri-certificacion\"},\"Resource\":\"arn:aws:sqs:us-east-1:238700389543:cola-facturacion-sri-muerta-certificacion\",\"Sid\":\"SoloRolLambda\"}],\"Version\":\"2012-10-17\"}",
            "receive_wait_time_seconds": 0,
            "redrive_allow_policy": "",
            "redrive_policy": "",
            "sqs_managed_sse_enabled": false,
            "tags": {
              "Ambiente": "certificacion",
              "Proyecto": "facturacion-electronica"
            },
            "tags_all": {
              "Ambiente": "certificacion",
              "Proyecto": "facturacion-electronica"
            },
            "timeouts": null,
            "url": "https://sqs.us-east-1.amazonaws.com/238700389543/cola-facturacion-sri-muerta-certificacion",
            "visibility_timeout_seconds": 30
          },
          "sensitive_attributes": [],
          "identity_schema_version": 0,
          "private": "eyJlMmJmYjczMC1lY2FhLTExZTYtOGY4OC0zNDM2M2JjN2M0YzAiOnsiY3JlYXRlIjoxODAwMDAwMDAwMDAsImRlbGV0ZSI6MTgwMDAwMDAwMDAwLCJ1cGRhdGUiOjE4MDAwMDAwMDAwMH19",
          "dependencies": [
            "aws_kms_key.sri_secrets"
          ]
        }
      ]
    },
    {
      "mode": "managed",
      "type": "aws_sqs_queue_policy",
      "name": "cola_sri",
      "provider": "provider[\"registry.terraform.io/hashicorp/aws\"]",
      "instances": [
        {
          "schema_version": 1,
          "attributes": {
            "id": "https://sqs.us-east-1.amazonaws.com/238700389543/cola-facturacion-sri-certificacion",
            "policy": "{\"Statement\":[{\"Action\":[\"sqs:SendMessage\",\"sqs:ReceiveMessage\",\"sqs:DeleteMessage\",\"sqs:GetQueueAttributes\"],\"Effect\":\"Allow\",\"Principal\":{\"AWS\":\"arn:aws:iam::238700389543:role/rol-lambda-facturacion-sri-certificacion\"},\"Resource\":\"arn:aws:sqs:us-east-1:238700389543:cola-facturacion-sri-certificacion\",\"Sid\":\"SoloRolLambda\"}],\"Version\":\"2012-10-17\"}",
            "queue_url": "https://sqs.us-east-1.amazonaws.com/238700389543/cola-facturacion-sri-certificacion"
          },
          "sensitive_attributes": [],
          "identity_schema_version": 0,
          "private": "eyJzY2hlbWFfdmVyc2lvbiI6IjEifQ==",
          "dependencies": [
            "aws_iam_role.lambda_sri",
            "aws_kms_key.sri_secrets",
            "aws_sqs_queue.cola_sri",
            "aws_sqs_queue.cola_sri_muerta"
          ]
        }
      ]
    },
    {
      "mode": "managed",
      "type": "aws_sqs_queue_policy",
      "name": "cola_sri_muerta",
      "provider": "provider[\"registry.terraform.io/hashicorp/aws\"]",
      "instances": [
        {
          "schema_version": 1,
          "attributes": {
            "id": "https://sqs.us-east-1.amazonaws.com/238700389543/cola-facturacion-sri-muerta-certificacion",
            "policy": "{\"Statement\":[{\"Action\":[\"sqs:SendMessage\",\"sqs:ReceiveMessage\",\"sqs:DeleteMessage\",\"sqs:GetQueueAttributes\"],\"Effect\":\"Allow\",\"Principal\":{\"AWS\":\"arn:aws:iam::238700389543:role/rol-lambda-facturacion-sri-certificacion\"},\"Resource\":\"arn:aws:sqs:us-east-1:238700389543:cola-facturacion-sri-muerta-certificacion\",\"Sid\":\"SoloRolLambda\"}],\"Version\":\"2012-10-17\"}",
            "queue_url": "https://sqs.us-east-1.amazonaws.com/238700389543/cola-facturacion-sri-muerta-certificacion"
          },
          "sensitive_attributes": [],
          "identity_schema_version": 0,
          "private": "eyJzY2hlbWFfdmVyc2lvbiI6IjEifQ==",
          "dependencies": [
            "aws_iam_role.lambda_sri",
            "aws_kms_key.sri_secrets",
            "aws_sqs_queue.cola_sri_muerta"
          ]
        }
      ]
    }
  ],
  "check_results": null
}
